
Microsoft Visual Studio Solution File, Format Version 12.00
# Visual Studio Version 16
VisualStudioVersion = 16.0.30523.141
MinimumVisualStudioVersion = 10.0.40219.1
Project("{FAE04EC0-301F-11D3-BF4B-00C04F79EFBC}") = "appwebform", "appwebform\appwebform.csproj", "{087289F0-03C7-4D37-912B-3871BAE6ECCF}"
EndProject
Global
	GlobalSection(SolutionConfigurationPlatforms) = preSolution
		Debug|Any CPU = Debug|Any CPU
		Release|Any CPU = Release|Any CPU
	EndGlobalSection
	GlobalSection(ProjectConfigurationPlatforms) = postSolution
		{087289F0-03C7-4D37-912B-3871BAE6ECCF}.Debug|Any CPU.ActiveCfg = Debug|Any CPU
		{087289F0-03C7-4D37-912B-3871BAE6ECCF}.Debug|Any CPU.Build.0 = Debug|Any CPU
		{087289F0-03C7-4D37-912B-3871BAE6ECCF}.Release|Any CPU.ActiveCfg = Release|Any CPU
		{087289F0-03C7-4D37-912B-3871BAE6ECCF}.Release|Any CPU.Build.0 = Release|Any CPU
	EndGlobalSection
	GlobalSection(SolutionProperties) = preSolution
		HideSolutionNode = FALSE
	EndGlobalSection
	GlobalSection(ExtensibilityGlobals) = postSolution
		SolutionGuid = {6D88F867-1215-4680-BF27-72EF4D57F5D1}
	EndGlobalSection
EndGlobal
